
Microsoft Visual Studio Solution File, Format Version 12.00
# Visual Studio 2013
VisualStudioVersion = 12.0.40629.0
MinimumVisualStudioVersion = 10.0.40219.1
Project("{FAE04EC0-301F-11D3-BF4B-00C04F79EFBC}") = "RightTriangle", "RightTriangle\RightTriangle.csproj", "{DC899C25-316B-4241-A478-881E642AF8F0}"
EndProject
Project("{FAE04EC0-301F-11D3-BF4B-00C04F79EFBC}") = "UnitTests", "UnitTests\UnitTests.csproj", "{2E055B8F-3DAF-4CF4-BD44-936302A02A97}"
EndProject
Global
	GlobalSection(SolutionConfigurationPlatforms) = preSolution
		Debug|Any CPU = Debug|Any CPU
		Release|Any CPU = Release|Any CPU
	EndGlobalSection
	GlobalSection(ProjectConfigurationPlatforms) = postSolution
		{DC899C25-316B-4241-A478-881E642AF8F0}.Debug|Any CPU.ActiveCfg = Debug|Any CPU
		{DC899C25-316B-4241-A478-881E642AF8F0}.Debug|Any CPU.Build.0 = Debug|Any CPU
		{DC899C25-316B-4241-A478-881E642AF8F0}.Release|Any CPU.ActiveCfg = Release|Any CPU
		{DC899C25-316B-4241-A478-881E642AF8F0}.Release|Any CPU.Build.0 = Release|Any CPU
		{2E055B8F-3DAF-4CF4-BD44-936302A02A97}.Debug|Any CPU.ActiveCfg = Debug|Any CPU
		{2E055B8F-3DAF-4CF4-BD44-936302A02A97}.Debug|Any CPU.Build.0 = Debug|Any CPU
		{2E055B8F-3DAF-4CF4-BD44-936302A02A97}.Release|Any CPU.ActiveCfg = Release|Any CPU
		{2E055B8F-3DAF-4CF4-BD44-936302A02A97}.Release|Any CPU.Build.0 = Release|Any CPU
	EndGlobalSection
	GlobalSection(SolutionProperties) = preSolution
		HideSolutionNode = FALSE
	EndGlobalSection
EndGlobal
